
Microsoft Visual Studio Solution File, Format Version 12.00
# Visual Studio Version 16
VisualStudioVersion = 16.0.37301.9
MinimumVisualStudioVersion = 10.0.40219.1
Project("{FAE04EC0-301F-11D3-BF4B-00C04F79EFBC}") = "actividiad", "actividiad\actividiad.csproj", "{981DA1B1-4F2C-4CDB-AF14-EA519E13F0C5}"
EndProject
Global
	GlobalSection(SolutionConfigurationPlatforms) = preSolution
		Debug|Any CPU = Debug|Any CPU
		Release|Any CPU = Release|Any CPU
	EndGlobalSection
	GlobalSection(ProjectConfigurationPlatforms) = postSolution
		{981DA1B1-4F2C-4CDB-AF14-EA519E13F0C5}.Debug|Any CPU.ActiveCfg = Debug|Any CPU
		{981DA1B1-4F2C-4CDB-AF14-EA519E13F0C5}.Debug|Any CPU.Build.0 = Debug|Any CPU
		{981DA1B1-4F2C-4CDB-AF14-EA519E13F0C5}.Release|Any CPU.ActiveCfg = Release|Any CPU
		{981DA1B1-4F2C-4CDB-AF14-EA519E13F0C5}.Release|Any CPU.Build.0 = Release|Any CPU
	EndGlobalSection
	GlobalSection(SolutionProperties) = preSolution
		HideSolutionNode = FALSE
	EndGlobalSection
	GlobalSection(ExtensibilityGlobals) = postSolution
		SolutionGuid = {09D7B6FB-5656-4621-A54E-3A19AB30176A}
	EndGlobalSection
EndGlobal
