
Microsoft Visual Studio Solution File, Format Version 12.00
# Visual Studio Version 16
VisualStudioVersion = 16.0.37301.9
MinimumVisualStudioVersion = 10.0.40219.1
Project("{FAE04EC0-301F-11D3-BF4B-00C04F79EFBC}") = "TABLA DE LOS MESES", "TABLA DE LOS MESES\TABLA DE LOS MESES.csproj", "{5ECFCF2F-FD45-4E03-9657-59E84EAD50B6}"
EndProject
Global
	GlobalSection(SolutionConfigurationPlatforms) = preSolution
		Debug|Any CPU = Debug|Any CPU
		Release|Any CPU = Release|Any CPU
	EndGlobalSection
	GlobalSection(ProjectConfigurationPlatforms) = postSolution
		{5ECFCF2F-FD45-4E03-9657-59E84EAD50B6}.Debug|Any CPU.ActiveCfg = Debug|Any CPU
		{5ECFCF2F-FD45-4E03-9657-59E84EAD50B6}.Debug|Any CPU.Build.0 = Debug|Any CPU
		{5ECFCF2F-FD45-4E03-9657-59E84EAD50B6}.Release|Any CPU.ActiveCfg = Release|Any CPU
		{5ECFCF2F-FD45-4E03-9657-59E84EAD50B6}.Release|Any CPU.Build.0 = Release|Any CPU
	EndGlobalSection
	GlobalSection(SolutionProperties) = preSolution
		HideSolutionNode = FALSE
	EndGlobalSection
	GlobalSection(ExtensibilityGlobals) = postSolution
		SolutionGuid = {1083D2EA-E4CC-4376-8CE3-D1ABC9270599}
	EndGlobalSection
EndGlobal
