
Microsoft Visual Studio Solution File, Format Version 12.00
# Visual Studio Version 16
VisualStudioVersion = 16.0.37530.7
MinimumVisualStudioVersion = 10.0.40219.1
Project("{FAE04EC0-301F-11D3-BF4B-00C04F79EFBC}") = "PARCIAL 1 2026", "PARCIAL 1 2026\PARCIAL 1 2026.csproj", "{B42F3D91-DE52-43AF-8ABA-0399B994F456}"
EndProject
Global
	GlobalSection(SolutionConfigurationPlatforms) = preSolution
		Debug|Any CPU = Debug|Any CPU
		Release|Any CPU = Release|Any CPU
	EndGlobalSection
	GlobalSection(ProjectConfigurationPlatforms) = postSolution
		{B42F3D91-DE52-43AF-8ABA-0399B994F456}.Debug|Any CPU.ActiveCfg = Debug|Any CPU
		{B42F3D91-DE52-43AF-8ABA-0399B994F456}.Debug|Any CPU.Build.0 = Debug|Any CPU
		{B42F3D91-DE52-43AF-8ABA-0399B994F456}.Release|Any CPU.ActiveCfg = Release|Any CPU
		{B42F3D91-DE52-43AF-8ABA-0399B994F456}.Release|Any CPU.Build.0 = Release|Any CPU
	EndGlobalSection
	GlobalSection(SolutionProperties) = preSolution
		HideSolutionNode = FALSE
	EndGlobalSection
	GlobalSection(ExtensibilityGlobals) = postSolution
		SolutionGuid = {A5D19B4B-2F58-468B-9153-0E13766CE131}
	EndGlobalSection
EndGlobal
